
Microsoft Visual Studio Solution File, Format Version 12.00
# Visual Studio Version 17
VisualStudioVersion = 17.0.31919.166
MinimumVisualStudioVersion = 10.0.40219.1
Project("{FAE04EC0-301F-11D3-BF4B-00C04F79EFBC}") = "Drawing With Winforms", "Drawing With Winforms\Drawing With Winforms.csproj", "{FC314E5B-964B-4E13-9EE6-E919D7755110}"
EndProject
Global
	GlobalSection(SolutionConfigurationPlatforms) = preSolution
		Debug|Any CPU = Debug|Any CPU
		Release|Any CPU = Release|Any CPU
	EndGlobalSection
	GlobalSection(ProjectConfigurationPlatforms) = postSolution
		{FC314E5B-964B-4E13-9EE6-E919D7755110}.Debug|Any CPU.ActiveCfg = Debug|Any CPU
		{FC314E5B-964B-4E13-9EE6-E919D7755110}.Debug|Any CPU.Build.0 = Debug|Any CPU
		{FC314E5B-964B-4E13-9EE6-E919D7755110}.Release|Any CPU.ActiveCfg = Release|Any CPU
		{FC314E5B-964B-4E13-9EE6-E919D7755110}.Release|Any CPU.Build.0 = Release|Any CPU
	EndGlobalSection
	GlobalSection(SolutionProperties) = preSolution
		HideSolutionNode = FALSE
	EndGlobalSection
	GlobalSection(ExtensibilityGlobals) = postSolution
		SolutionGuid = {970B8AF5-7118-4ED9-9DD9-12085B6C1CAC}
	EndGlobalSection
EndGlobal
